// !$*UTF8*$!
{
	archiveVersion = 1;
	classes = {
	};
	objectVersion = 50;
	objects = {

/* Begin PBXBuildFile section */
		9489C5692218108D000F1BF5 /* AppDelegate.swift in Sources */ = {isa = PBXBuildFile; fileRef = 9489C5682218108D000F1BF5 /* AppDelegate.swift */; };
		9489C56B2218108D000F1BF5 /* ViewController.swift in Sources */ = {isa = PBXBuildFile; fileRef = 9489C56A2218108D000F1BF5 /* ViewController.swift */; };
		9489C56E2218108D000F1BF5 /* Main.storyboard in Resources */ = {isa = PBXBuildFile; fileRef = 9489C56C2218108D000F1BF5 /* Main.storyboard */; };
		9489C5702218108F000F1BF5 /* Assets.xcassets in Resources */ = {isa = PBXBuildFile; fileRef = 9489C56F2218108F000F1BF5 /* Assets.xcassets */; };
		9489C5732218108F000F1BF5 /* LaunchScreen.storyboard in Resources */ = {isa = PBXBuildFile; fileRef = 9489C5712218108F000F1BF5 /* LaunchScreen.storyboard */; };
		9489C57E2218108F000F1BF5 /* CalculatorTests.swift in Sources */ = {isa = PBXBuildFile; fileRef = 9489C57D2218108F000F1BF5 /* CalculatorTests.swift */; };
		9489C5892218108F000F1BF5 /* CalculatorUITests.swift in Sources */ = {isa = PBXBuildFile; fileRef = 9489C5882218108F000F1BF5 /* CalculatorUITests.swift */; };
		94D28C56221BB73F00F6E5CD /* CalculatorBrain.swift in Sources */ = {isa = PBXBuildFile; fileRef = 94D28C55221BB73F00F6E5CD /* CalculatorBrain.swift */; };
/* End PBXBuildFile section */

/* Begin PBXContainerItemProxy section */
		9489C57A2218108F000F1BF5 /* PBXContainerItemProxy */ = {
			isa = PBXContainerItemProxy;
			containerPortal = 9489C55D2218108D000F1BF5 /* Project object */;
			proxyType = 1;
			remoteGlobalIDString = 9489C5642218108D000F1BF5;
			remoteInfo = Calculator;
		};
		9489C5852218108F000F1BF5 /* PBXContainerItemProxy */ = {
			isa = PBXContainerItemProxy;
			containerPortal = 9489C55D2218108D000F1BF5 /* Project object */;
			proxyType = 1;
			remoteGlobalIDString = 9489C5642218108D000F1BF5;
			remoteInfo = Calculator;
		};
/* End PBXContainerItemProxy section */

/* Begin PBXFileReference section */
		9489C5652218108D000F1BF5 /* Calculator.app */ = {isa = PBXFileReference; explicitFileType = wrapper.application; includeInIndex = 0; path = Calculator.app; sourceTree = BUILT_PRODUCTS_DIR; };
		9489C5682218108D000F1BF5 /* AppDelegate.swift */ = {isa = PBXFileReference; lastKnownFileType = sourcecode.swift; path = AppDelegate.swift; sourceTree = "<group>"; };
		9489C56A2218108D000F1BF5 /* ViewController.swift */ = {isa = PBXFileReference; lastKnownFileType = sourcecode.swift; path = ViewController.swift; sourceTree = "<group>"; };
		9489C56D2218108D000F1BF5 /* Base */ = {isa = PBXFileReference; lastKnownFileType = file.storyboard; name = Base; path = Base.lproj/Main.storyboard; sourceTree = "<group>"; };
		9489C56F2218108F000F1BF5 /* Assets.xcassets */ = {isa = PBXFileReference; lastKnownFileType = folder.assetcatalog; path = Assets.xcassets; sourceTree = "<group>"; };
		9489C5722218108F000F1BF5 /* Base */ = {isa = PBXFileReference; lastKnownFileType = file.storyboard; name = Base; path = Base.lproj/LaunchScreen.storyboard; sourceTree = "<group>"; };
		9489C5742218108F000F1BF5 /* Info.plist */ = {isa = PBXFileReference; lastKnownFileType = text.plist.xml; path = Info.plist; sourceTree = "<group>"; };
		9489C5792218108F000F1BF5 /* CalculatorTests.xctest */ = {isa = PBXFileReference; explicitFileType = wrapper.cfbundle; includeInIndex = 0; path = CalculatorTests.xctest; sourceTree = BUILT_PRODUCTS_DIR; };
		9489C57D2218108F000F1BF5 /* CalculatorTests.swift */ = {isa = PBXFileReference; lastKnownFileType = sourcecode.swift; path = CalculatorTests.swift; sourceTree = "<group>"; };
		9489C57F2218108F000F1BF5 /* Info.plist */ = {isa = PBXFileReference; lastKnownFileType = text.plist.xml; path = Info.plist; sourceTree = "<group>"; };
		9489C5842218108F000F1BF5 /* CalculatorUITests.xctest */ = {isa = PBXFileReference; explicitFileType = wrapper.cfbundle; includeInIndex = 0; path = CalculatorUITests.xctest; sourceTree = BUILT_PRODUCTS_DIR; };
		9489C5882218108F000F1BF5 /* CalculatorUITests.swift */ = {isa = PBXFileReference; lastKnownFileType = sourcecode.swift; path = CalculatorUITests.swift; sourceTree = "<group>"; };
		9489C58A2218108F000F1BF5 /* Info.plist */ = {isa = PBXFileReference; lastKnownFileType = text.plist.xml; path = Info.plist; sourceTree = "<group>"; };
		94D28C55221BB73F00F6E5CD /* CalculatorBrain.swift */ = {isa = PBXFileReference; lastKnownFileType = sourcecode.swift; path = CalculatorBrain.swift; sourceTree = "<group>"; };
/* End PBXFileReference section */

/* Begin PBXFrameworksBuildPhase section */
		9489C5622218108D000F1BF5 /* Frameworks */ = {
			isa = PBXFrameworksBuildPhase;
			buildActionMask = 2147483647;
			files = (
			);
			runOnlyForDeploymentPostprocessing = 0;
		};
		9489C5762218108F000F1BF5 /* Frameworks */ = {
			isa = PBXFrameworksBuildPhase;
			buildActionMask = 2147483647;
			files = (
			);
			runOnlyForDeploymentPostprocessing = 0;
		};
		9489C5812218108F000F1BF5 /* Frameworks */ = {
			isa = PBXFrameworksBuildPhase;
			buildActionMask = 2147483647;
			files = (
			);
			runOnlyForDeploymentPostprocessing = 0;
		};
/* End PBXFrameworksBuildPhase section */

/* Begin PBXGroup section */
		9489C55C2218108D000F1BF5 = {
			isa = PBXGroup;
			children = (
				9489C5672218108D000F1BF5 /* Calculator */,
				9489C57C2218108F000F1BF5 /* CalculatorTests */,
				9489C5872218108F000F1BF5 /* CalculatorUITests */,
				9489C5662218108D000F1BF5 /* Products */,
			);
			sourceTree = "<group>";
		};
		9489C5662218108D000F1BF5 /* Products */ = {
			isa = PBXGroup;
			children = (
				9489C5652218108D000F1BF5 /* Calculator.app */,
				9489C5792218108F000F1BF5 /* CalculatorTests.xctest */,
				9489C5842218108F000F1BF5 /* CalculatorUITests.xctest */,
			);
			name = Products;
			sourceTree = "<group>";
		};
		9489C5672218108D000F1BF5 /* Calculator */ = {
			isa = PBXGroup;
			children = (
				9489C5682218108D000F1BF5 /* AppDelegate.swift */,
				9489C56A2218108D000F1BF5 /* ViewController.swift */,
				94D28C55221BB73F00F6E5CD /* CalculatorBrain.swift */,
				9489C56C2218108D000F1BF5 /* Main.storyboard */,
				9489C56F2218108F000F1BF5 /* Assets.xcassets */,
				9489C5712218108F000F1BF5 /* LaunchScreen.storyboard */,
				9489C5742218108F000F1BF5 /* Info.plist */,
			);
			path = Calculator;
			sourceTree = "<group>";
		};
		9489C57C2218108F000F1BF5 /* CalculatorTests */ = {
			isa = PBXGroup;
			children = (
				9489C57D2218108F000F1BF5 /* CalculatorTests.swift */,
				9489C57F2218108F000F1BF5 /* Info.plist */,
			);
			path = CalculatorTests;
			sourceTree = "<group>";
		};
		9489C5872218108F000F1BF5 /* CalculatorUITests */ = {
			isa = PBXGroup;
			children = (
				9489C5882218108F000F1BF5 /* CalculatorUITests.swift */,
				9489C58A2218108F000F1BF5 /* Info.plist */,
			);
			path = CalculatorUITests;
			sourceTree = "<group>";
		};
/* End PBXGroup section */

/* Begin PBXNativeTarget section */
		9489C5642218108D000F1BF5 /* Calculator */ = {
			isa = PBXNativeTarget;
			buildConfigurationList = 9489C58D2218108F000F1BF5 /* Build configuration list for PBXNativeTarget "Calculator" */;
			buildPhases = (
				9489C5612218108D000F1BF5 /* Sources */,
				9489C5622218108D000F1BF5 /* Frameworks */,
				9489C5632218108D000F1BF5 /* Resources */,
			);
			buildRules = (
			);
			dependencies = (
			);
			name = Calculator;
			productName = Calculator;
			productReference = 9489C5652218108D000F1BF5 /* Calculator.app */;
			productType = "com.apple.product-type.application";
		};
		9489C5782218108F000F1BF5 /* CalculatorTests */ = {
			isa = PBXNativeTarget;
			buildConfigurationList = 9489C5902218108F000F1BF5 /* Build configuration list for PBXNativeTarget "CalculatorTests" */;
			buildPhases = (
				9489C5752218108F000F1BF5 /* Sources */,
				9489C5762218108F000F1BF5 /* Frameworks */,
				9489C5772218108F000F1BF5 /* Resources */,
			);
			buildRules = (
			);
			dependencies = (
				9489C57B2218108F000F1BF5 /* PBXTargetDependency */,
			);
			name = CalculatorTests;
			productName = CalculatorTests;
			productReference = 9489C5792218108F000F1BF5 /* CalculatorTests.xctest */;
			productType = "com.apple.product-type.bundle.unit-test";
		};
		9489C5832218108F000F1BF5 /* CalculatorUITests */ = {
			isa = PBXNativeTarget;
			buildConfigurationList = 9489C5932218108F000F1BF5 /* Build configuration list for PBXNativeTarget "CalculatorUITests" */;
			buildPhases = (
				9489C5802218108F000F1BF5 /* Sources */,
				9489C5812218108F000F1BF5 /* Frameworks */,
				9489C5822218108F000F1BF5 /* Resources */,
			);
			buildRules = (
			);
			dependencies = (
				9489C5862218108F000F1BF5 /* PBXTargetDependency */,
			);
			name = CalculatorUITests;
			productName = CalculatorUITests;
			productReference = 9489C5842218108F000F1BF5 /* CalculatorUITests.xctest */;
			productType = "com.apple.product-type.bundle.ui-testing";
		};
/* End PBXNativeTarget section */

/* Begin PBXProject section */
		9489C55D2218108D000F1BF5 /* Project object */ = {
			isa = PBXProject;
			attributes = {
				LastSwiftUpdateCheck = 1010;
				LastUpgradeCheck = 1010;
				ORGANIZATIONNAME = Postup;
				TargetAttributes = {
					9489C5642218108D000F1BF5 = {
						CreatedOnToolsVersion = 10.1;
					};
					9489C5782218108F000F1BF5 = {
						CreatedOnToolsVersion = 10.1;
						TestTargetID = 9489C5642218108D000F1BF5;
					};
					9489C5832218108F000F1BF5 = {
						CreatedOnToolsVersion = 10.1;
						TestTargetID = 9489C5642218108D000F1BF5;
					};
				};
			};
			buildConfigurationList = 9489C5602218108D000F1BF5 /* Build configuration list for PBXProject "Calculator" */;
			compatibilityVersion = "Xcode 9.3";
			developmentRegion = en;
			hasScannedForEncodings = 0;
			knownRegions = (
				en,
				Base,
			);
			mainGroup = 9489C55C2218108D000F1BF5;
			productRefGroup = 9489C5662218108D000F1BF5 /* Products */;
			projectDirPath = "";
			projectRoot = "";
			targets = (
				9489C5642218108D000F1BF5 /* Calculator */,
				9489C5782218108F000F1BF5 /* CalculatorTests */,
				9489C5832218108F000F1BF5 /* CalculatorUITests */,
			);
		};
/* End PBXProject section */

/* Begin PBXResourcesBuildPhase section */
		9489C5632218108D000F1BF5 /* Resources */ = {
			isa = PBXResourcesBuildPhase;
			buildActionMask = 2147483647;
			files = (
				9489C5732218108F000F1BF5 /* LaunchScreen.storyboard in Resources */,
				9489C5702218108F000F1BF5 /* Assets.xcassets in Resources */,
				9489C56E2218108D000F1BF5 /* Main.storyboard in Resources */,
			);
			runOnlyForDeploymentPostprocessing = 0;
		};
		9489C5772218108F000F1BF5 /* Resources */ = {
			isa = PBXResourcesBuildPhase;
			buildActionMask = 2147483647;
			files = (
			);
			runOnlyForDeploymentPostprocessing = 0;
		};
		9489C5822218108F000F1BF5 /* Resources */ = {
			isa = PBXResourcesBuildPhase;
			buildActionMask = 2147483647;
			files = (
			);
			runOnlyForDeploymentPostprocessing = 0;
		};
/* End PBXResourcesBuildPhase section */

/* Begin PBXSourcesBuildPhase section */
		9489C5612218108D000F1BF5 /* Sources */ = {
			isa = PBXSourcesBuildPhase;
			buildActionMask = 2147483647;
			files = (
				94D28C56221BB73F00F6E5CD /* CalculatorBrain.swift in Sources */,
				9489C56B2218108D000F1BF5 /* ViewController.swift in Sources */,
				9489C5692218108D000F1BF5 /* AppDelegate.swift in Sources */,
			);
			runOnlyForDeploymentPostprocessing = 0;
		};
		9489C5752218108F000F1BF5 /* Sources */ = {
			isa = PBXSourcesBuildPhase;
			buildActionMask = 2147483647;
			files = (
				9489C57E2218108F000F1BF5 /* CalculatorTests.swift in Sources */,
			);
			runOnlyForDeploymentPostprocessing = 0;
		};
		9489C5802218108F000F1BF5 /* Sources */ = {
			isa = PBXSourcesBuildPhase;
			buildActionMask = 2147483647;
			files = (
				9489C5892218108F000F1BF5 /* CalculatorUITests.swift in Sources */,
			);
			runOnlyForDeploymentPostprocessing = 0;
		};
/* End PBXSourcesBuildPhase section */

/* Begin PBXTargetDependency section */
		9489C57B2218108F000F1BF5 /* PBXTargetDependency */ = {
			isa = PBXTargetDependency;
			target = 9489C5642218108D000F1BF5 /* Calculator */;
			targetProxy = 9489C57A2218108F000F1BF5 /* PBXContainerItemProxy */;
		};
		9489C5862218108F000F1BF5 /* PBXTargetDependency */ = {
			isa = PBXTargetDependency;
			target = 9489C5642218108D000F1BF5 /* Calculator */;
			targetProxy = 9489C5852218108F000F1BF5 /* PBXContainerItemProxy */;
		};
/* End PBXTargetDependency section */

/* Begin PBXVariantGroup section */
		9489C56C2218108D000F1BF5 /* Main.storyboard */ = {
			isa = PBXVariantGroup;
			children = (
				9489C56D2218108D000F1BF5 /* Base */,
			);
			name = Main.storyboard;
			sourceTree = "<group>";
		};
		9489C5712218108F000F1BF5 /* LaunchScreen.storyboard */ = {
			isa = PBXVariantGroup;
			children = (
				9489C5722218108F000F1BF5 /* Base */,
			);
			name = LaunchScreen.storyboard;
			sourceTree = "<group>";
		};
/* End PBXVariantGroup section */

/* Begin XCBuildConfiguration section */
		9489C58B2218108F000F1BF5 /* Debug */ = {
			isa = XCBuildConfiguration;
			buildSettings = {
				ALWAYS_SEARCH_USER_PATHS = NO;
				CLANG_ANALYZER_NONNULL = YES;
				CLANG_ANALYZER_NUMBER_OBJECT_CONVERSION = YES_AGGRESSIVE;
				CLANG_CXX_LANGUAGE_STANDARD = "gnu++14";
				CLANG_CXX_LIBRARY = "libc++";
				CLANG_ENABLE_MODULES = YES;
				CLANG_ENABLE_OBJC_ARC = YES;
				CLANG_ENABLE_OBJC_WEAK = YES;
				CLANG_WARN_BLOCK_CAPTURE_AUTORELEASING = YES;
				CLANG_WARN_BOOL_CONVERSION = YES;
				CLANG_WARN_COMMA = YES;
				CLANG_WARN_CONSTANT_CONVERSION = YES;
				CLANG_WARN_DEPRECATED_OBJC_IMPLEMENTATIONS = YES;
				CLANG_WARN_DIRECT_OBJC_ISA_USAGE = YES_ERROR;
				CLANG_WARN_DOCUMENTATION_COMMENTS = YES;
				CLANG_WARN_EMPTY_BODY = YES;
				CLANG_WARN_ENUM_CONVERSION = YES;
				CLANG_WARN_INFINITE_RECURSION = YES;
				CLANG_WARN_INT_CONVERSION = YES;
				CLANG_WARN_NON_LITERAL_NULL_CONVERSION = YES;
				CLANG_WARN_OBJC_IMPLICIT_RETAIN_SELF = YES;
				CLANG_WARN_OBJC_LITERAL_CONVERSION = YES;
				CLANG_WARN_OBJC_ROOT_CLASS = YES_ERROR;
				CLANG_WARN_RANGE_LOOP_ANALYSIS = YES;
				CLANG_WARN_STRICT_PROTOTYPES = YES;
				CLANG_WARN_SUSPICIOUS_MOVE = YES;
				CLANG_WARN_UNGUARDED_AVAILABILITY = YES_AGGRESSIVE;
				CLANG_WARN_UNREACHABLE_CODE = YES;
				CLANG_WARN__DUPLICATE_METHOD_MATCH = YES;
				CODE_SIGN_IDENTITY = "iPhone Developer";
				COPY_PHASE_STRIP = NO;
				DEBUG_INFORMATION_FORMAT = dwarf;
				ENABLE_STRICT_OBJC_MSGSEND = YES;
				ENABLE_TESTABILITY = YES;
				GCC_C_LANGUAGE_STANDARD = gnu11;
				GCC_DYNAMIC_NO_PIC = NO;
				GCC_NO_COMMON_BLOCKS = YES;
				GCC_OPTIMIZATION_LEVEL = 0;
				GCC_PREPROCESSOR_DEFINITIONS = (
					"DEBUG=1",
					"$(inherited)",
				);
				GCC_WARN_64_TO_32_BIT_CONVERSION = YES;
				GCC_WARN_ABOUT_RETURN_TYPE = YES_ERROR;
				GCC_WARN_UNDECLARED_SELECTOR = YES;
				GCC_WARN_UNINITIALIZED_AUTOS = YES_AGGRESSIVE;
				GCC_WARN_UNUSED_FUNCTION = YES;
				GCC_WARN_UNUSED_VARIABLE = YES;
				IPHONEOS_DEPLOYMENT_TARGET = 12.1;
				MTL_ENABLE_DEBUG_INFO = INCLUDE_SOURCE;
				MTL_FAST_MATH = YES;
				ONLY_ACTIVE_ARCH = YES;
				SDKROOT = iphoneos;
				SWIFT_ACTIVE_COMPILATION_CONDITIONS = DEBUG;
				SWIFT_OPTIMIZATION_LEVEL = "-Onone";
			};
			name = Debug;
		};
		9489C58C2218108F000F1BF5 /* Release */ = {
			isa = XCBuildConfiguration;
			buildSettings = {
				ALWAYS_SEARCH_USER_PATHS = NO;
				CLANG_ANALYZER_NONNULL = YES;
				CLANG_ANALYZER_NUMBER_OBJECT_CONVERSION = YES_AGGRESSIVE;
				CLANG_CXX_LANGUAGE_STANDARD = "gnu++14";
				CLANG_CXX_LIBRARY = "libc++";
				CLANG_ENABLE_MODULES = YES;
				CLANG_ENABLE_OBJC_ARC = YES;
				CLANG_ENABLE_OBJC_WEAK = YES;
				CLANG_WARN_BLOCK_CAPTURE_AUTORELEASING = YES;
				CLANG_WARN_BOOL_CONVERSION = YES;
				CLANG_WARN_COMMA = YES;
				CLANG_WARN_CONSTANT_CONVERSION = YES;
				CLANG_WARN_DEPRECATED_OBJC_IMPLEMENTATIONS = YES;
				CLANG_WARN_DIRECT_OBJC_ISA_USAGE = YES_ERROR;
				CLANG_WARN_DOCUMENTATION_COMMENTS = YES;
				CLANG_WARN_EMPTY_BODY = YES;
				CLANG_WARN_ENUM_CONVERSION = YES;
				CLANG_WARN_INFINITE_RECURSION = YES;
				CLANG_WARN_INT_CONVERSION = YES;
				CLANG_WARN_NON_LITERAL_NULL_CONVERSION = YES;
				CLANG_WARN_OBJC_IMPLICIT_RETAIN_SELF = YES;
				CLANG_WARN_OBJC_LITERAL_CONVERSION = YES;
				CLANG_WARN_OBJC_ROOT_CLASS = YES_ERROR;
				CLANG_WARN_RANGE_LOOP_ANALYSIS = YES;
				CLANG_WARN_STRICT_PROTOTYPES = YES;
				CLANG_WARN_SUSPICIOUS_MOVE = YES;
				CLANG_WARN_UNGUARDED_AVAILABILITY = YES_AGGRESSIVE;
				CLANG_WARN_UNREACHABLE_CODE = YES;
				CLANG_WARN__DUPLICATE_METHOD_MATCH = YES;
				CODE_SIGN_IDENTITY = "iPhone Developer";
				COPY_PHASE_STRIP = NO;
				DEBUG_INFORMATION_FORMAT = "dwarf-with-dsym";
				ENABLE_NS_ASSERTIONS = NO;
				ENABLE_STRICT_OBJC_MSGSEND = YES;
				GCC_C_LANGUAGE_STANDARD = gnu11;
				GCC_NO_COMMON_BLOCKS = YES;
				GCC_WARN_64_TO_32_BIT_CONVERSION = YES;
				GCC_WARN_ABOUT_RETURN_TYPE = YES_ERROR;
				GCC_WARN_UNDECLARED_SELECTOR = YES;
				GCC_WARN_UNINITIALIZED_AUTOS = YES_AGGRESSIVE;
				GCC_WARN_UNUSED_FUNCTION = YES;
				GCC_WARN_UNUSED_VARIABLE = YES;
				IPHONEOS_DEPLOYMENT_TARGET = 12.1;
				MTL_ENABLE_DEBUG_INFO = NO;
				MTL_FAST_MATH = YES;
				SDKROOT = iphoneos;
				SWIFT_COMPILATION_MODE = wholemodule;
				SWIFT_OPTIMIZATION_LEVEL = "-O";
				VALIDATE_PRODUCT = YES;
			};
			name = Release;
		};
		9489C58E2218108F000F1BF5 /* Debug */ = {
			isa = XCBuildConfiguration;
			buildSettings = {
				ASSETCATALOG_COMPILER_APPICON_NAME = AppIcon;
				CODE_SIGN_STYLE = Automatic;
				DEVELOPMENT_TEAM = Q9W7R324HX;
				INFOPLIST_FILE = Calculator/Info.plist;
				LD_RUNPATH_SEARCH_PATHS = (
					"$(inherited)",
					"@executable_path/Frameworks",
				);
				PRODUCT_BUNDLE_IDENTIFIER = "com.-Postup.Calculator";
				PRODUCT_NAME = "$(TARGET_NAME)";
				SWIFT_VERSION = 4.2;
				TARGETED_DEVICE_FAMILY = "1,2";
			};
			name = Debug;
		};
		9489C58F2218108F000F1BF5 /* Release */ = {
			isa = XCBuildConfiguration;
			buildSettings = {
				ASSETCATALOG_COMPILER_APPICON_NAME = AppIcon;
				CODE_SIGN_STYLE = Automatic;
				DEVELOPMENT_TEAM = Q9W7R324HX;
				INFOPLIST_FILE = Calculator/Info.plist;
				LD_RUNPATH_SEARCH_PATHS = (
					"$(inherited)",
					"@executable_path/Frameworks",
				);
				PRODUCT_BUNDLE_IDENTIFIER = "com.-Postup.Calculator";
				PRODUCT_NAME = "$(TARGET_NAME)";
				SWIFT_VERSION = 4.2;
				TARGETED_DEVICE_FAMILY = "1,2";
			};
			name = Release;
		};
		9489C5912218108F000F1BF5 /* Debug */ = {
			isa = XCBuildConfiguration;
			buildSettings = {
				ALWAYS_EMBED_SWIFT_STANDARD_LIBRARIES = YES;
				BUNDLE_LOADER = "$(TEST_HOST)";
				CODE_SIGN_STYLE = Automatic;
				DEVELOPMENT_TEAM = Q9W7R324HX;
				INFOPLIST_FILE = CalculatorTests/Info.plist;
				LD_RUNPATH_SEARCH_PATHS = (
					"$(inherited)",
					"@executable_path/Frameworks",
					"@loader_path/Frameworks",
				);
				PRODUCT_BUNDLE_IDENTIFIER = "com.-Postup.CalculatorTests";
				PRODUCT_NAME = "$(TARGET_NAME)";
				SWIFT_VERSION = 4.2;
				TARGETED_DEVICE_FAMILY = "1,2";
				TEST_HOST = "$(BUILT_PRODUCTS_DIR)/Calculator.app/Calculator";
			};
			name = Debug;
		};
		9489C5922218108F000F1BF5 /* Release */ = {
			isa = XCBuildConfiguration;
			buildSettings = {
				ALWAYS_EMBED_SWIFT_STANDARD_LIBRARIES = YES;
				BUNDLE_LOADER = "$(TEST_HOST)";
				CODE_SIGN_STYLE = Automatic;
				DEVELOPMENT_TEAM = Q9W7R324HX;
				INFOPLIST_FILE = CalculatorTests/Info.plist;
				LD_RUNPATH_SEARCH_PATHS = (
					"$(inherited)",
					"@executable_path/Frameworks",
					"@loader_path/Frameworks",
				);
				PRODUCT_BUNDLE_IDENTIFIER = "com.-Postup.CalculatorTests";
				PRODUCT_NAME = "$(TARGET_NAME)";
				SWIFT_VERSION = 4.2;
				TARGETED_DEVICE_FAMILY = "1,2";
				TEST_HOST = "$(BUILT_PRODUCTS_DIR)/Calculator.app/Calculator";
			};
			name = Release;
		};
		9489C5942218108F000F1BF5 /* Debug */ = {
			isa = XCBuildConfiguration;
			buildSettings = {
				ALWAYS_EMBED_SWIFT_STANDARD_LIBRARIES = YES;
				CODE_SIGN_STYLE = Automatic;
				DEVELOPMENT_TEAM = Q9W7R324HX;
				INFOPLIST_FILE = CalculatorUITests/Info.plist;
				LD_RUNPATH_SEARCH_PATHS = (
					"$(inherited)",
					"@executable_path/Frameworks",
					"@loader_path/Frameworks",
				);
				PRODUCT_BUNDLE_IDENTIFIER = "com.-Postup.CalculatorUITests";
				PRODUCT_NAME = "$(TARGET_NAME)";
				SWIFT_VERSION = 4.2;
				TARGETED_DEVICE_FAMILY = "1,2";
				TEST_TARGET_NAME = Calculator;
			};
			name = Debug;
		};
		9489C5952218108F000F1BF5 /* Release */ = {
			isa = XCBuildConfiguration;
			buildSettings = {
				ALWAYS_EMBED_SWIFT_STANDARD_LIBRARIES = YES;
				CODE_SIGN_STYLE = Automatic;
				DEVELOPMENT_TEAM = Q9W7R324HX;
				INFOPLIST_FILE = CalculatorUITests/Info.plist;
				LD_RUNPATH_SEARCH_PATHS = (
					"$(inherited)",
					"@executable_path/Frameworks",
					"@loader_path/Frameworks",
				);
				PRODUCT_BUNDLE_IDENTIFIER = "com.-Postup.CalculatorUITests";
				PRODUCT_NAME = "$(TARGET_NAME)";
				SWIFT_VERSION = 4.2;
				TARGETED_DEVICE_FAMILY = "1,2";
				TEST_TARGET_NAME = Calculator;
			};
			name = Release;
		};
/* End XCBuildConfiguration section */

/* Begin XCConfigurationList section */
		9489C5602218108D000F1BF5 /* Build configuration list for PBXProject "Calculator" */ = {
			isa = XCConfigurationList;
			buildConfigurations = (
				9489C58B2218108F000F1BF5 /* Debug */,
				9489C58C2218108F000F1BF5 /* Release */,
			);
			defaultConfigurationIsVisible = 0;
			defaultConfigurationName = Release;
		};
		9489C58D2218108F000F1BF5 /* Build configuration list for PBXNativeTarget "Calculator" */ = {
			isa = XCConfigurationList;
			buildConfigurations = (
				9489C58E2218108F000F1BF5 /* Debug */,
				9489C58F2218108F000F1BF5 /* Release */,
			);
			defaultConfigurationIsVisible = 0;
			defaultConfigurationName = Release;
		};
		9489C5902218108F000F1BF5 /* Build configuration list for PBXNativeTarget "CalculatorTests" */ = {
			isa = XCConfigurationList;
			buildConfigurations = (
				9489C5912218108F000F1BF5 /* Debug */,
				9489C5922218108F000F1BF5 /* Release */,
			);
			defaultConfigurationIsVisible = 0;
			defaultConfigurationName = Release;
		};
		9489C5932218108F000F1BF5 /* Build configuration list for PBXNativeTarget "CalculatorUITests" */ = {
			isa = XCConfigurationList;
			buildConfigurations = (
				9489C5942218108F000F1BF5 /* Debug */,
				9489C5952218108F000F1BF5 /* Release */,
			);
			defaultConfigurationIsVisible = 0;
			defaultConfigurationName = Release;
		};
/* End XCConfigurationList section */
	};
	rootObject = 9489C55D2218108D000F1BF5 /* Project object */;
}
